
Microsoft Visual Studio Solution File, Format Version 12.00
# Visual Studio Version 17
VisualStudioVersion = 17.14.36221.1 d17.14
MinimumVisualStudioVersion = 10.0.40219.1
Project("{FAE04EC0-301F-11D3-BF4B-00C04F79EFBC}") = "Count Words", "Count Words\Count Words.csproj", "{46EB02D5-0D4C-4E55-8973-AB7999234FB1}"
EndProject
Global
	GlobalSection(SolutionConfigurationPlatforms) = preSolution
		Debug|Any CPU = Debug|Any CPU
		Release|Any CPU = Release|Any CPU
	EndGlobalSection
	GlobalSection(ProjectConfigurationPlatforms) = postSolution
		{46EB02D5-0D4C-4E55-8973-AB7999234FB1}.Debug|Any CPU.ActiveCfg = Debug|Any CPU
		{46EB02D5-0D4C-4E55-8973-AB7999234FB1}.Debug|Any CPU.Build.0 = Debug|Any CPU
		{46EB02D5-0D4C-4E55-8973-AB7999234FB1}.Release|Any CPU.ActiveCfg = Release|Any CPU
		{46EB02D5-0D4C-4E55-8973-AB7999234FB1}.Release|Any CPU.Build.0 = Release|Any CPU
	EndGlobalSection
	GlobalSection(SolutionProperties) = preSolution
		HideSolutionNode = FALSE
	EndGlobalSection
	GlobalSection(ExtensibilityGlobals) = postSolution
		SolutionGuid = {72B9D26A-73D8-42C2-8BA1-DBEBC5D8E275}
	EndGlobalSection
EndGlobal
