
Microsoft Visual Studio Solution File, Format Version 12.00
# Visual Studio Version 17
VisualStudioVersion = 17.14.36221.1 d17.14
MinimumVisualStudioVersion = 10.0.40219.1
Project("{FAE04EC0-301F-11D3-BF4B-00C04F79EFBC}") = "MultiLevel Inheritance", "MultiLevel Inheritance\MultiLevel Inheritance.csproj", "{2DA71420-3FED-4DF3-B1C9-3C3CC6E3C713}"
EndProject
Global
	GlobalSection(SolutionConfigurationPlatforms) = preSolution
		Debug|Any CPU = Debug|Any CPU
		Release|Any CPU = Release|Any CPU
	EndGlobalSection
	GlobalSection(ProjectConfigurationPlatforms) = postSolution
		{2DA71420-3FED-4DF3-B1C9-3C3CC6E3C713}.Debug|Any CPU.ActiveCfg = Debug|Any CPU
		{2DA71420-3FED-4DF3-B1C9-3C3CC6E3C713}.Debug|Any CPU.Build.0 = Debug|Any CPU
		{2DA71420-3FED-4DF3-B1C9-3C3CC6E3C713}.Release|Any CPU.ActiveCfg = Release|Any CPU
		{2DA71420-3FED-4DF3-B1C9-3C3CC6E3C713}.Release|Any CPU.Build.0 = Release|Any CPU
	EndGlobalSection
	GlobalSection(SolutionProperties) = preSolution
		HideSolutionNode = FALSE
	EndGlobalSection
	GlobalSection(ExtensibilityGlobals) = postSolution
		SolutionGuid = {EF44F94E-0B4C-4BBC-87B5-ACB29012ADC4}
	EndGlobalSection
EndGlobal
