
Microsoft Visual Studio Solution File, Format Version 12.00
# Visual Studio Version 17
VisualStudioVersion = 17.14.36221.1 d17.14
MinimumVisualStudioVersion = 10.0.40219.1
Project("{FAE04EC0-301F-11D3-BF4B-00C04F79EFBC}") = "Palindrome String", "Palindrome String\Palindrome String.csproj", "{F64692F4-392C-411E-8324-DE1C5C174EEF}"
EndProject
Global
	GlobalSection(SolutionConfigurationPlatforms) = preSolution
		Debug|Any CPU = Debug|Any CPU
		Release|Any CPU = Release|Any CPU
	EndGlobalSection
	GlobalSection(ProjectConfigurationPlatforms) = postSolution
		{F64692F4-392C-411E-8324-DE1C5C174EEF}.Debug|Any CPU.ActiveCfg = Debug|Any CPU
		{F64692F4-392C-411E-8324-DE1C5C174EEF}.Debug|Any CPU.Build.0 = Debug|Any CPU
		{F64692F4-392C-411E-8324-DE1C5C174EEF}.Release|Any CPU.ActiveCfg = Release|Any CPU
		{F64692F4-392C-411E-8324-DE1C5C174EEF}.Release|Any CPU.Build.0 = Release|Any CPU
	EndGlobalSection
	GlobalSection(SolutionProperties) = preSolution
		HideSolutionNode = FALSE
	EndGlobalSection
	GlobalSection(ExtensibilityGlobals) = postSolution
		SolutionGuid = {10203E79-4B0F-4628-A2EE-5CFFDF74AB7A}
	EndGlobalSection
EndGlobal
