
Microsoft Visual Studio Solution File, Format Version 12.00
# Visual Studio Version 17
VisualStudioVersion = 17.14.36203.30 d17.14
MinimumVisualStudioVersion = 10.0.40219.1
Project("{FAE04EC0-301F-11D3-BF4B-00C04F79EFBC}") = "MoviesApp", "MoviesApp\MoviesApp.csproj", "{01BE3CFD-66B0-449B-886F-69AD0F9DD4E5}"
EndProject
Global
	GlobalSection(SolutionConfigurationPlatforms) = preSolution
		Debug|Any CPU = Debug|Any CPU
		Release|Any CPU = Release|Any CPU
	EndGlobalSection
	GlobalSection(ProjectConfigurationPlatforms) = postSolution
		{01BE3CFD-66B0-449B-886F-69AD0F9DD4E5}.Debug|Any CPU.ActiveCfg = Debug|Any CPU
		{01BE3CFD-66B0-449B-886F-69AD0F9DD4E5}.Debug|Any CPU.Build.0 = Debug|Any CPU
		{01BE3CFD-66B0-449B-886F-69AD0F9DD4E5}.Release|Any CPU.ActiveCfg = Release|Any CPU
		{01BE3CFD-66B0-449B-886F-69AD0F9DD4E5}.Release|Any CPU.Build.0 = Release|Any CPU
	EndGlobalSection
	GlobalSection(SolutionProperties) = preSolution
		HideSolutionNode = FALSE
	EndGlobalSection
	GlobalSection(ExtensibilityGlobals) = postSolution
		SolutionGuid = {DC3D9588-E5A4-491C-9948-7A99D6D1EF50}
	EndGlobalSection
EndGlobal
