
Microsoft Visual Studio Solution File, Format Version 12.00
# Visual Studio Version 17
VisualStudioVersion = 17.14.36221.1 d17.14
MinimumVisualStudioVersion = 10.0.40219.1
Project("{FAE04EC0-301F-11D3-BF4B-00C04F79EFBC}") = "CmdLineApp", "CmdLineApp\CmdLineApp.csproj", "{B9818B99-C7EB-4F58-A79F-14A952505CF4}"
EndProject
Global
	GlobalSection(SolutionConfigurationPlatforms) = preSolution
		Debug|Any CPU = Debug|Any CPU
		Release|Any CPU = Release|Any CPU
	EndGlobalSection
	GlobalSection(ProjectConfigurationPlatforms) = postSolution
		{B9818B99-C7EB-4F58-A79F-14A952505CF4}.Debug|Any CPU.ActiveCfg = Debug|Any CPU
		{B9818B99-C7EB-4F58-A79F-14A952505CF4}.Debug|Any CPU.Build.0 = Debug|Any CPU
		{B9818B99-C7EB-4F58-A79F-14A952505CF4}.Release|Any CPU.ActiveCfg = Release|Any CPU
		{B9818B99-C7EB-4F58-A79F-14A952505CF4}.Release|Any CPU.Build.0 = Release|Any CPU
	EndGlobalSection
	GlobalSection(SolutionProperties) = preSolution
		HideSolutionNode = FALSE
	EndGlobalSection
	GlobalSection(ExtensibilityGlobals) = postSolution
		SolutionGuid = {74BEDC5E-5A8E-4983-B118-7A3581D2FD7E}
	EndGlobalSection
EndGlobal
