
Microsoft Visual Studio Solution File, Format Version 12.00
# Visual Studio Version 17
VisualStudioVersion = 17.14.36221.1 d17.14
MinimumVisualStudioVersion = 10.0.40219.1
Project("{FAE04EC0-301F-11D3-BF4B-00C04F79EFBC}") = "BankGame App", "BankGame App\BankGame App.csproj", "{9BA1CB7A-DEFB-48D5-9277-131E2CF9F82C}"
EndProject
Global
	GlobalSection(SolutionConfigurationPlatforms) = preSolution
		Debug|Any CPU = Debug|Any CPU
		Release|Any CPU = Release|Any CPU
	EndGlobalSection
	GlobalSection(ProjectConfigurationPlatforms) = postSolution
		{9BA1CB7A-DEFB-48D5-9277-131E2CF9F82C}.Debug|Any CPU.ActiveCfg = Debug|Any CPU
		{9BA1CB7A-DEFB-48D5-9277-131E2CF9F82C}.Debug|Any CPU.Build.0 = Debug|Any CPU
		{9BA1CB7A-DEFB-48D5-9277-131E2CF9F82C}.Release|Any CPU.ActiveCfg = Release|Any CPU
		{9BA1CB7A-DEFB-48D5-9277-131E2CF9F82C}.Release|Any CPU.Build.0 = Release|Any CPU
	EndGlobalSection
	GlobalSection(SolutionProperties) = preSolution
		HideSolutionNode = FALSE
	EndGlobalSection
	GlobalSection(ExtensibilityGlobals) = postSolution
		SolutionGuid = {D741B570-F888-4913-8C4E-7943B2F6AA1F}
	EndGlobalSection
EndGlobal
