
Microsoft Visual Studio Solution File, Format Version 12.00
# Visual Studio Version 17
VisualStudioVersion = 17.14.36221.1 d17.14
MinimumVisualStudioVersion = 10.0.40219.1
Project("{FAE04EC0-301F-11D3-BF4B-00C04F79EFBC}") = "Reverse Number", "Reverse Number\Reverse Number.csproj", "{28535996-4A46-4672-A52F-16A206F99458}"
EndProject
Global
	GlobalSection(SolutionConfigurationPlatforms) = preSolution
		Debug|Any CPU = Debug|Any CPU
		Release|Any CPU = Release|Any CPU
	EndGlobalSection
	GlobalSection(ProjectConfigurationPlatforms) = postSolution
		{28535996-4A46-4672-A52F-16A206F99458}.Debug|Any CPU.ActiveCfg = Debug|Any CPU
		{28535996-4A46-4672-A52F-16A206F99458}.Debug|Any CPU.Build.0 = Debug|Any CPU
		{28535996-4A46-4672-A52F-16A206F99458}.Release|Any CPU.ActiveCfg = Release|Any CPU
		{28535996-4A46-4672-A52F-16A206F99458}.Release|Any CPU.Build.0 = Release|Any CPU
	EndGlobalSection
	GlobalSection(SolutionProperties) = preSolution
		HideSolutionNode = FALSE
	EndGlobalSection
	GlobalSection(ExtensibilityGlobals) = postSolution
		SolutionGuid = {5A644E65-41BE-4BA1-8C56-35D946A88402}
	EndGlobalSection
EndGlobal
